{
  "name": "ERC20-TokenSale",
  "lockfileVersion": 2,
  "requires": true,
  "packages": {
    "": {
      "dependencies": {
        "@openzeppelin/contracts": "^3.0.0-beta.0",
        "dotenv": "^16.0.0"
      }
    },
    "node_modules/@openzeppelin/contracts": {
      "version": "3.0.0-beta.0",
      "resolved": "https://registry.npmjs.org/@openzeppelin/contracts/-/contracts-3.0.0-beta.0.tgz",
      "integrity": "sha512-UDYQdvSDjXcnHXBs3QVVoPY2nxpr56cRPN2jo1ahjPsalilr5LPGlCW85zkoHx6AInqm4ZdGnbspgBS5/DvzDw=="
    },
    "node_modules/dotenv": {
      "version": "16.0.0",
      "resolved": "https://registry.npmjs.org/dotenv/-/dotenv-16.0.0.tgz",
      "integrity": "sha512-qD9WU0MPM4SWLPJy/r2Be+2WgQj8plChsyrCNQzW/0WjvcJQiKQJ9mH3ZgB3fxbUUxgc/11ZJ0Fi5KiimWGz2Q==",
      "engines": {
        "node": ">=12"
      }
    }
  },
  "dependencies": {
    "@openzeppelin/contracts": {
      "version": "3.0.0-beta.0",
      "resolved": "https://registry.npmjs.org/@openzeppelin/contracts/-/contracts-3.0.0-beta.0.tgz",
      "integrity": "sha512-UDYQdvSDjXcnHXBs3QVVoPY2nxpr56cRPN2jo1ahjPsalilr5LPGlCW85zkoHx6AInqm4ZdGnbspgBS5/DvzDw=="
    },
    "dotenv": {
      "version": "16.0.0",
      "resolved": "https://registry.npmjs.org/dotenv/-/dotenv-16.0.0.tgz",
      "integrity": "sha512-qD9WU0MPM4SWLPJy/r2Be+2WgQj8plChsyrCNQzW/0WjvcJQiKQJ9mH3ZgB3fxbUUxgc/11ZJ0Fi5KiimWGz2Q=="
    }
  }
}
